
Microsoft Visual Studio Solution File, Format Version 12.00
# Visual Studio 15
VisualStudioVersion = 15.0.28307.645
MinimumVisualStudioVersion = 10.0.40219.1
Project("{159641D6-6404-4A2A-AE62-294DE0FE8301}") = "hurtownie", "hurtownie\hurtownie.dtproj", "{5508669C-4B4E-48C6-8483-3CACCD6A7123}"
EndProject
Global
	GlobalSection(SolutionConfigurationPlatforms) = preSolution
		Development|Default = Development|Default
	EndGlobalSection
	GlobalSection(ProjectConfigurationPlatforms) = postSolution
		{5508669C-4B4E-48C6-8483-3CACCD6A7123}.Development|Default.ActiveCfg = Development
		{5508669C-4B4E-48C6-8483-3CACCD6A7123}.Development|Default.Build.0 = Development
	EndGlobalSection
	GlobalSection(SolutionProperties) = preSolution
		HideSolutionNode = FALSE
	EndGlobalSection
	GlobalSection(ExtensibilityGlobals) = postSolution
		SolutionGuid = {D7AAC869-D044-48F1-A197-5C1C6B746A43}
	EndGlobalSection
EndGlobal
